// !$*UTF8*$!
{
	archiveVersion = 1;
	classes = {
	};
	objectVersion = 46;
	objects = {

/* Begin PBXAggregateTarget section */
		9639391B0F0325E915FF1050 /* DrEcho - All */ = {
			isa = PBXAggregateTarget;
			buildConfigurationList = C4829B71375264422934E141;
			buildPhases = (
			);
			dependencies = (
				5F2C132506BFC1A6A9CA00ED,
				B9459A6716EAA359270EE9BA,
				C784E44BEA47C8676CBC9974,
			);
			name = "DrEcho - All";
			productName = DrEcho;
		};
/* End PBXAggregateTarget section */

/* Begin PBXBuildFile section */
		0A0E664D132B50CD19D99C01 /* ../../JuceLibraryCode/include_juce_gui_extra.mm */ = {isa = PBXBuildFile; fileRef = D77C837D4BA472659DF13A48; };
		0C3E6987D11E405ABE9FB0AA /* VST3 */ = {isa = PBXBuildFile; fileRef = C7E7A114FBE308CC5E266946; };
		178067DDEB8E2E9E4DDAE8FE /* ../../JuceLibraryCode/include_juce_audio_basics.mm */ = {isa = PBXBuildFile; fileRef = E1EAF4BDCD186638CE2C00A1; };
		19FFB0B79BF82B34FD086433 /* ../../Source/MyLogger.cpp */ = {isa = PBXBuildFile; fileRef = A8F372C1F95A98523AEECA2C; };
		1A7DED4950CC922FF97278A3 /* System/Library/Frameworks/Accelerate.framework */ = {isa = PBXBuildFile; fileRef = 1B7F2B407F11225C92FFB358; };
		1A9E10AF9A2DE300EAA726D2 /* ../../Source/PluginProcessor.cpp */ = {isa = PBXBuildFile; fileRef = A0548B97D432D35859E8BED8; };
		3058744A958CAB9E2299CF12 /* System/Library/Frameworks/DiscRecording.framework */ = {isa = PBXBuildFile; fileRef = E2FA2D9EDFF825962D5D4FA2; };
		30938B6CC3276800526AF874 /* ../../Source/PluginEditor.cpp */ = {isa = PBXBuildFile; fileRef = F6D6CB78B177DF6105E95300; };
		31417DA500C327F7800E17B2 /* System/Library/Frameworks/AudioToolbox.framework */ = {isa = PBXBuildFile; fileRef = 678FEF85AC7939A161C9992F; };
		32841E970B81C034F501A55F /* RecentFilesMenuTemplate.nib */ = {isa = PBXBuildFile; fileRef = EF391F041945D2AD141736E1; };
		39102EEF118417BD799E0D05 /* ../../JuceLibraryCode/include_juce_data_structures.mm */ = {isa = PBXBuildFile; fileRef = 701486C24A6C219C8059F4FC; };
		4072BECD0769BF2DEB94F79B /* ../../JuceLibraryCode/include_juce_gui_basics.mm */ = {isa = PBXBuildFile; fileRef = CC770CE6F41FEAF99A3DD5FC; };
		4713A57DCCACC0162FEC25B6 /* ../../Source/DefaultLookAndFeel.cpp */ = {isa = PBXBuildFile; fileRef = 581700FE33C91A85D41A5A98; };
		4A4FD89ED53A3710DB8FDA79 /* System/Library/Frameworks/Carbon.framework */ = {isa = PBXBuildFile; fileRef = 5FDD29EFBDC0DAB9C8C0C053; };
		554488C19268043E8AB4A301 /* System/Library/Frameworks/CoreAudioKit.framework */ = {isa = PBXBuildFile; fileRef = 598DF58944BE8118321B4CEE; };
		573B5C715E2816888BD6C8CC /* ../../JuceLibraryCode/include_juce_core.mm */ = {isa = PBXBuildFile; fileRef = 942697A9D0F4C10E3BC5C323; };
		67CC3FBBA1CF0FCCFC1C4122 /* ../../JuceLibraryCode/include_juce_audio_plugin_client_VST_utils.mm */ = {isa = PBXBuildFile; fileRef = 5B0291612E76AC059392D88D; };
		7AD23C6EBC4AB0691931F2F0 /* ../../JuceLibraryCode/include_juce_graphics.mm */ = {isa = PBXBuildFile; fileRef = C4455B29BFEFF7334070FBD4; };
		829152D662FC0A9488A82B07 /* System/Library/Frameworks/IOKit.framework */ = {isa = PBXBuildFile; fileRef = AF8475FE74DD0835D01F2184; };
		84793CED594888544CBD3049 /* ../../JuceLibraryCode/include_juce_audio_formats.mm */ = {isa = PBXBuildFile; fileRef = F5AB275342AED3601EAC4786; };
		889DE15B3108361899479533 /* System/Library/Frameworks/Foundation.framework */ = {isa = PBXBuildFile; fileRef = 55BBF04D2146474F2CB38C5B; };
		8D01CF51A4FB0B28E6493AE4 /* ../../JuceLibraryCode/include_juce_audio_devices.mm */ = {isa = PBXBuildFile; fileRef = F12A96089176C3FDDB246488; };
		906236BBBD6CDC69E84837A0 /* Standalone Plugin */ = {isa = PBXBuildFile; fileRef = 180B03D9F179AF75D7F5F197; };
		9451A9C1B171694C2CE8D80A /* ../../JuceLibraryCode/include_juce_audio_plugin_client_utils.cpp */ = {isa = PBXBuildFile; fileRef = 15AA6725C9ED13757ED49236; };
		9867F00A01096181608FC618 /* ../../JuceLibraryCode/include_juce_events.mm */ = {isa = PBXBuildFile; fileRef = 0E54508ABB1F9715840A28D4; };
		A390A4B3A90C892AB6692E15 /* ../../JuceLibraryCode/include_juce_audio_processors.mm */ = {isa = PBXBuildFile; fileRef = 2FF100824ADE99A6742E64FC; };
		ACA835BE9ED7A1F862D0FF61 /* ../../JuceLibraryCode/include_juce_audio_plugin_client_Standalone.cpp */ = {isa = PBXBuildFile; fileRef = 524B07706E1376A4E9D12364; };
		B2FBB6D4369561983B428A92 /* System/Library/Frameworks/Cocoa.framework */ = {isa = PBXBuildFile; fileRef = D6B205697A7D2357F438F651; };
		B3E29EBABB9B444FEE825E77 /* System/Library/Frameworks/CoreMIDI.framework */ = {isa = PBXBuildFile; fileRef = 79730BCDE6180605AF2B6B9E; };
		C0054D1E2D26063BA89E82F1 /* System/Library/Frameworks/WebKit.framework */ = {isa = PBXBuildFile; fileRef = FD4D2763B6E8FE6BF5787BED; };
		C49885F4756E6E9BEC71580B /* ../../Source/MetaLookAndFeel.cpp */ = {isa = PBXBuildFile; fileRef = 1EA7B46EF06CC3C0307C8CEA; };
		C79E149FA4AA38AB7DB5DA95 /* System/Library/Frameworks/QuartzCore.framework */ = {isa = PBXBuildFile; fileRef = 6ED57E79CAF18FBFE6F25683; };
		CAA9F23E67FE4A707D7770BF /* ../../JuceLibraryCode/include_juce_audio_plugin_client_VST3.cpp */ = {isa = PBXBuildFile; fileRef = EE6B6DFBA6CF3E7AF5027F54; };
		CD5F6C343DF8B318C09A0F6F /* ../../JuceLibraryCode/include_juce_audio_utils.mm */ = {isa = PBXBuildFile; fileRef = 7A15ECCCBB73CD0372BDA861; };
		D42E53196AF235EBA7E30332 /* System/Library/Frameworks/CoreAudio.framework */ = {isa = PBXBuildFile; fileRef = 0F344F8B7372F515AE9B4F01; };
		E3EC6DFDFE9A7295C37CAC05 /* Shared Code */ = {isa = PBXBuildFile; fileRef = 9E8DDEEBC25ADDD775497B62; };
/* End PBXBuildFile section */

/* Begin PBXFileReference section */
		0E54508ABB1F9715840A28D4 /* ../../JuceLibraryCode/include_juce_events.mm */ /* include_juce_events.mm */ = {isa = PBXFileReference; lastKnownFileType = sourcecode.cpp.objcpp; name = include_juce_events.mm; path = ../../JuceLibraryCode/include_juce_events.mm; sourceTree = SOURCE_ROOT; };
		0F344F8B7372F515AE9B4F01 /* System/Library/Frameworks/CoreAudio.framework */ /* CoreAudio.framework */ = {isa = PBXFileReference; lastKnownFileType = wrapper.framework; name = CoreAudio.framework; path = System/Library/Frameworks/CoreAudio.framework; sourceTree = SDKROOT; };
		15AA6725C9ED13757ED49236 /* ../../JuceLibraryCode/include_juce_audio_plugin_client_utils.cpp */ /* include_juce_audio_plugin_client_utils.cpp */ = {isa = PBXFileReference; lastKnownFileType = sourcecode.cpp.cpp; name = include_juce_audio_plugin_client_utils.cpp; path = ../../JuceLibraryCode/include_juce_audio_plugin_client_utils.cpp; sourceTree = SOURCE_ROOT; };
		180B03D9F179AF75D7F5F197 /* Standalone Plugin */ = {isa = PBXFileReference; explicitFileType = wrapper.application; includeInIndex = 0; path = DrEcho.app; sourceTree = BUILT_PRODUCTS_DIR; };
		1A08FA635CC32D79783172E4 /* ~/JUCE/modules/juce_events */ /* juce_events */ = {isa = PBXFileReference; lastKnownFileType = folder; name = juce_events; path = "~/JUCE/modules/juce_events"; sourceTree = "<absolute>"; };
		1B7F2B407F11225C92FFB358 /* System/Library/Frameworks/Accelerate.framework */ /* Accelerate.framework */ = {isa = PBXFileReference; lastKnownFileType = wrapper.framework; name = Accelerate.framework; path = System/Library/Frameworks/Accelerate.framework; sourceTree = SDKROOT; };
		1EA7B46EF06CC3C0307C8CEA /* ../../Source/MetaLookAndFeel.cpp */ /* MetaLookAndFeel.cpp */ = {isa = PBXFileReference; lastKnownFileType = sourcecode.cpp.cpp; name = MetaLookAndFeel.cpp; path = ../../Source/MetaLookAndFeel.cpp; sourceTree = SOURCE_ROOT; };
		2053398ABBE2295CE8183847 /* ~/JUCE/modules/juce_core */ /* juce_core */ = {isa = PBXFileReference; lastKnownFileType = folder; name = juce_core; path = "~/JUCE/modules/juce_core"; sourceTree = "<absolute>"; };
		2BA829F2AB4B4B3B35A7B35E /* Info-Standalone_Plugin.plist */ /* Info-Standalone_Plugin.plist */ = {isa = PBXFileReference; lastKnownFileType = text.plist.xml; name = "Info-Standalone_Plugin.plist"; path = "Info-Standalone_Plugin.plist"; sourceTree = SOURCE_ROOT; };
		2FF100824ADE99A6742E64FC /* ../../JuceLibraryCode/include_juce_audio_processors.mm */ /* include_juce_audio_processors.mm */ = {isa = PBXFileReference; lastKnownFileType = sourcecode.cpp.objcpp; name = include_juce_audio_processors.mm; path = ../../JuceLibraryCode/include_juce_audio_processors.mm; sourceTree = SOURCE_ROOT; };
		32B49A022B055176A66A95CD /* ~/JUCE/modules/juce_audio_formats */ /* juce_audio_formats */ = {isa = PBXFileReference; lastKnownFileType = folder; name = juce_audio_formats; path = "~/JUCE/modules/juce_audio_formats"; sourceTree = "<absolute>"; };
		34AF410A5CB87B247B748748 /* ../../Source/ComponentAttachmentWrapper.h */ /* ComponentAttachmentWrapper.h */ = {isa = PBXFileReference; lastKnownFileType = sourcecode.c.h; name = ComponentAttachmentWrapper.h; path = ../../Source/ComponentAttachmentWrapper.h; sourceTree = SOURCE_ROOT; };
		39F30E578037D0AEC80CAE63 /* ~/JUCE/modules/juce_data_structures */ /* juce_data_structures */ = {isa = PBXFileReference; lastKnownFileType = folder; name = juce_data_structures; path = "~/JUCE/modules/juce_data_structures"; sourceTree = "<absolute>"; };
		4107DC281B3A5295557C0199 /* ../../Source/MyLogger.h */ /* MyLogger.h */ = {isa = PBXFileReference; lastKnownFileType = sourcecode.c.h; name = MyLogger.h; path = ../../Source/MyLogger.h; sourceTree = SOURCE_ROOT; };
		524B07706E1376A4E9D12364 /* ../../JuceLibraryCode/include_juce_audio_plugin_client_Standalone.cpp */ /* include_juce_audio_plugin_client_Standalone.cpp */ = {isa = PBXFileReference; lastKnownFileType = sourcecode.cpp.cpp; name = include_juce_audio_plugin_client_Standalone.cpp; path = ../../JuceLibraryCode/include_juce_audio_plugin_client_Standalone.cpp; sourceTree = SOURCE_ROOT; };
		55BBF04D2146474F2CB38C5B /* System/Library/Frameworks/Foundation.framework */ /* Foundation.framework */ = {isa = PBXFileReference; lastKnownFileType = wrapper.framework; name = Foundation.framework; path = System/Library/Frameworks/Foundation.framework; sourceTree = SDKROOT; };
		581700FE33C91A85D41A5A98 /* ../../Source/DefaultLookAndFeel.cpp */ /* DefaultLookAndFeel.cpp */ = {isa = PBXFileReference; lastKnownFileType = sourcecode.cpp.cpp; name = DefaultLookAndFeel.cpp; path = ../../Source/DefaultLookAndFeel.cpp; sourceTree = SOURCE_ROOT; };
		598DF58944BE8118321B4CEE /* System/Library/Frameworks/CoreAudioKit.framework */ /* CoreAudioKit.framework */ = {isa = PBXFileReference; lastKnownFileType = wrapper.framework; name = CoreAudioKit.framework; path = System/Library/Frameworks/CoreAudioKit.framework; sourceTree = SDKROOT; };
		5B0291612E76AC059392D88D /* ../../JuceLibraryCode/include_juce_audio_plugin_client_VST_utils.mm */ /* include_juce_audio_plugin_client_VST_utils.mm */ = {isa = PBXFileReference; lastKnownFileType = sourcecode.cpp.objcpp; name = include_juce_audio_plugin_client_VST_utils.mm; path = ../../JuceLibraryCode/include_juce_audio_plugin_client_VST_utils.mm; sourceTree = SOURCE_ROOT; };
		5FDD29EFBDC0DAB9C8C0C053 /* System/Library/Frameworks/Carbon.framework */ /* Carbon.framework */ = {isa = PBXFileReference; lastKnownFileType = wrapper.framework; name = Carbon.framework; path = System/Library/Frameworks/Carbon.framework; sourceTree = SDKROOT; };
		678FEF85AC7939A161C9992F /* System/Library/Frameworks/AudioToolbox.framework */ /* AudioToolbox.framework */ = {isa = PBXFileReference; lastKnownFileType = wrapper.framework; name = AudioToolbox.framework; path = System/Library/Frameworks/AudioToolbox.framework; sourceTree = SDKROOT; };
		687B6AE97F4FABA193FC1D3B /* ../../JuceLibraryCode/JuceHeader.h */ /* JuceHeader.h */ = {isa = PBXFileReference; lastKnownFileType = sourcecode.c.h; name = JuceHeader.h; path = ../../JuceLibraryCode/JuceHeader.h; sourceTree = SOURCE_ROOT; };
		6ED57E79CAF18FBFE6F25683 /* System/Library/Frameworks/QuartzCore.framework */ /* QuartzCore.framework */ = {isa = PBXFileReference; lastKnownFileType = wrapper.framework; name = QuartzCore.framework; path = System/Library/Frameworks/QuartzCore.framework; sourceTree = SDKROOT; };
		701486C24A6C219C8059F4FC /* ../../JuceLibraryCode/include_juce_data_structures.mm */ /* include_juce_data_structures.mm */ = {isa = PBXFileReference; lastKnownFileType = sourcecode.cpp.objcpp; name = include_juce_data_structures.mm; path = ../../JuceLibraryCode/include_juce_data_structures.mm; sourceTree = SOURCE_ROOT; };
		79730BCDE6180605AF2B6B9E /* System/Library/Frameworks/CoreMIDI.framework */ /* CoreMIDI.framework */ = {isa = PBXFileReference; lastKnownFileType = wrapper.framework; name = CoreMIDI.framework; path = System/Library/Frameworks/CoreMIDI.framework; sourceTree = SDKROOT; };
		7A15ECCCBB73CD0372BDA861 /* ../../JuceLibraryCode/include_juce_audio_utils.mm */ /* include_juce_audio_utils.mm */ = {isa = PBXFileReference; lastKnownFileType = sourcecode.cpp.objcpp; name = include_juce_audio_utils.mm; path = ../../JuceLibraryCode/include_juce_audio_utils.mm; sourceTree = SOURCE_ROOT; };
		87C544F2654437E99D376D7C /* ../../Source/PluginEditor.h */ /* PluginEditor.h */ = {isa = PBXFileReference; lastKnownFileType = sourcecode.c.h; name = PluginEditor.h; path = ../../Source/PluginEditor.h; sourceTree = SOURCE_ROOT; };
		8B3905058488DD6F671E8314 /* ~/JUCE/modules/juce_graphics */ /* juce_graphics */ = {isa = PBXFileReference; lastKnownFileType = folder; name = juce_graphics; path = "~/JUCE/modules/juce_graphics"; sourceTree = "<absolute>"; };
		93617EE936FE79416E7F30EE /* ../../Source/MetaLookAndFeel.h */ /* MetaLookAndFeel.h */ = {isa = PBXFileReference; lastKnownFileType = sourcecode.c.h; name = MetaLookAndFeel.h; path = ../../Source/MetaLookAndFeel.h; sourceTree = SOURCE_ROOT; };
		942697A9D0F4C10E3BC5C323 /* ../../JuceLibraryCode/include_juce_core.mm */ /* include_juce_core.mm */ = {isa = PBXFileReference; lastKnownFileType = sourcecode.cpp.objcpp; name = include_juce_core.mm; path = ../../JuceLibraryCode/include_juce_core.mm; sourceTree = SOURCE_ROOT; };
		9482B5C87B4DF31026BB2464 /* ~/JUCE/modules/juce_audio_plugin_client */ /* juce_audio_plugin_client */ = {isa = PBXFileReference; lastKnownFileType = folder; name = juce_audio_plugin_client; path = "~/JUCE/modules/juce_audio_plugin_client"; sourceTree = "<absolute>"; };
		9E8DDEEBC25ADDD775497B62 /* Shared Code */ = {isa = PBXFileReference; explicitFileType = archive.ar; includeInIndex = 0; path = libDrEcho.a; sourceTree = BUILT_PRODUCTS_DIR; };
		A0548B97D432D35859E8BED8 /* ../../Source/PluginProcessor.cpp */ /* PluginProcessor.cpp */ = {isa = PBXFileReference; lastKnownFileType = sourcecode.cpp.cpp; name = PluginProcessor.cpp; path = ../../Source/PluginProcessor.cpp; sourceTree = SOURCE_ROOT; };
		A8F372C1F95A98523AEECA2C /* ../../Source/MyLogger.cpp */ /* MyLogger.cpp */ = {isa = PBXFileReference; lastKnownFileType = sourcecode.cpp.cpp; name = MyLogger.cpp; path = ../../Source/MyLogger.cpp; sourceTree = SOURCE_ROOT; };
		ACDB3C70217535DC90FA2F63 /* ~/JUCE/modules/juce_audio_utils */ /* juce_audio_utils */ = {isa = PBXFileReference; lastKnownFileType = folder; name = juce_audio_utils; path = "~/JUCE/modules/juce_audio_utils"; sourceTree = "<absolute>"; };
		AF8475FE74DD0835D01F2184 /* System/Library/Frameworks/IOKit.framework */ /* IOKit.framework */ = {isa = PBXFileReference; lastKnownFileType = wrapper.framework; name = IOKit.framework; path = System/Library/Frameworks/IOKit.framework; sourceTree = SDKROOT; };
		B725DB7E9D93893713866822 /* ../../JuceLibraryCode/JucePluginDefines.h */ /* JucePluginDefines.h */ = {isa = PBXFileReference; lastKnownFileType = sourcecode.c.h; name = JucePluginDefines.h; path = ../../JuceLibraryCode/JucePluginDefines.h; sourceTree = SOURCE_ROOT; };
		C3C5F447FBCEAFD4C7BEA5B9 /* Info-VST3.plist */ /* Info-VST3.plist */ = {isa = PBXFileReference; lastKnownFileType = text.plist.xml; name = "Info-VST3.plist"; path = "Info-VST3.plist"; sourceTree = SOURCE_ROOT; };
		C4455B29BFEFF7334070FBD4 /* ../../JuceLibraryCode/include_juce_graphics.mm */ /* include_juce_graphics.mm */ = {isa = PBXFileReference; lastKnownFileType = sourcecode.cpp.objcpp; name = include_juce_graphics.mm; path = ../../JuceLibraryCode/include_juce_graphics.mm; sourceTree = SOURCE_ROOT; };
		C7E7A114FBE308CC5E266946 /* VST3 */ = {isa = PBXFileReference; explicitFileType = wrapper.cfbundle; includeInIndex = 0; path = DrEcho.vst3; sourceTree = BUILT_PRODUCTS_DIR; };
		CC770CE6F41FEAF99A3DD5FC /* ../../JuceLibraryCode/include_juce_gui_basics.mm */ /* include_juce_gui_basics.mm */ = {isa = PBXFileReference; lastKnownFileType = sourcecode.cpp.objcpp; name = include_juce_gui_basics.mm; path = ../../JuceLibraryCode/include_juce_gui_basics.mm; sourceTree = SOURCE_ROOT; };
		CF6550B3D46C8935C7F8E77E /* ~/JUCE/modules/juce_audio_devices */ /* juce_audio_devices */ = {isa = PBXFileReference; lastKnownFileType = folder; name = juce_audio_devices; path = "~/JUCE/modules/juce_audio_devices"; sourceTree = "<absolute>"; };
		D17B7F729E4BA892ADA20567 /* ~/JUCE/modules/juce_audio_processors */ /* juce_audio_processors */ = {isa = PBXFileReference; lastKnownFileType = folder; name = juce_audio_processors; path = "~/JUCE/modules/juce_audio_processors"; sourceTree = "<absolute>"; };
		D5772581E793C33654B03CB5 /* ~/JUCE/modules/juce_audio_basics */ /* juce_audio_basics */ = {isa = PBXFileReference; lastKnownFileType = folder; name = juce_audio_basics; path = "~/JUCE/modules/juce_audio_basics"; sourceTree = "<absolute>"; };
		D6B205697A7D2357F438F651 /* System/Library/Frameworks/Cocoa.framework */ /* Cocoa.framework */ = {isa = PBXFileReference; lastKnownFileType = wrapper.framework; name = Cocoa.framework; path = System/Library/Frameworks/Cocoa.framework; sourceTree = SDKROOT; };
		D77C837D4BA472659DF13A48 /* ../../JuceLibraryCode/include_juce_gui_extra.mm */ /* include_juce_gui_extra.mm */ = {isa = PBXFileReference; lastKnownFileType = sourcecode.cpp.objcpp; name = include_juce_gui_extra.mm; path = ../../JuceLibraryCode/include_juce_gui_extra.mm; sourceTree = SOURCE_ROOT; };
		E1EAF4BDCD186638CE2C00A1 /* ../../JuceLibraryCode/include_juce_audio_basics.mm */ /* include_juce_audio_basics.mm */ = {isa = PBXFileReference; lastKnownFileType = sourcecode.cpp.objcpp; name = include_juce_audio_basics.mm; path = ../../JuceLibraryCode/include_juce_audio_basics.mm; sourceTree = SOURCE_ROOT; };
		E2FA2D9EDFF825962D5D4FA2 /* System/Library/Frameworks/DiscRecording.framework */ /* DiscRecording.framework */ = {isa = PBXFileReference; lastKnownFileType = wrapper.framework; name = DiscRecording.framework; path = System/Library/Frameworks/DiscRecording.framework; sourceTree = SDKROOT; };
		E3AC7ABF6F42E63D8DDE903F /* ~/JUCE/modules/juce_gui_basics */ /* juce_gui_basics */ = {isa = PBXFileReference; lastKnownFileType = folder; name = juce_gui_basics; path = "~/JUCE/modules/juce_gui_basics"; sourceTree = "<absolute>"; };
		E3DCE7EFDE5E3381C0C1FE30 /* ../../Source/PluginProcessor.h */ /* PluginProcessor.h */ = {isa = PBXFileReference; lastKnownFileType = sourcecode.c.h; name = PluginProcessor.h; path = ../../Source/PluginProcessor.h; sourceTree = SOURCE_ROOT; };
		EE6B6DFBA6CF3E7AF5027F54 /* ../../JuceLibraryCode/include_juce_audio_plugin_client_VST3.cpp */ /* include_juce_audio_plugin_client_VST3.cpp */ = {isa = PBXFileReference; lastKnownFileType = sourcecode.cpp.cpp; name = include_juce_audio_plugin_client_VST3.cpp; path = ../../JuceLibraryCode/include_juce_audio_plugin_client_VST3.cpp; sourceTree = SOURCE_ROOT; };
		EF391F041945D2AD141736E1 /* RecentFilesMenuTemplate.nib */ /* RecentFilesMenuTemplate.nib */ = {isa = PBXFileReference; lastKnownFileType = file.nib; name = RecentFilesMenuTemplate.nib; path = RecentFilesMenuTemplate.nib; sourceTree = SOURCE_ROOT; };
		F12A96089176C3FDDB246488 /* ../../JuceLibraryCode/include_juce_audio_devices.mm */ /* include_juce_audio_devices.mm */ = {isa = PBXFileReference; lastKnownFileType = sourcecode.cpp.objcpp; name = include_juce_audio_devices.mm; path = ../../JuceLibraryCode/include_juce_audio_devices.mm; sourceTree = SOURCE_ROOT; };
		F5AB275342AED3601EAC4786 /* ../../JuceLibraryCode/include_juce_audio_formats.mm */ /* include_juce_audio_formats.mm */ = {isa = PBXFileReference; lastKnownFileType = sourcecode.cpp.objcpp; name = include_juce_audio_formats.mm; path = ../../JuceLibraryCode/include_juce_audio_formats.mm; sourceTree = SOURCE_ROOT; };
		F6D6CB78B177DF6105E95300 /* ../../Source/PluginEditor.cpp */ /* PluginEditor.cpp */ = {isa = PBXFileReference; lastKnownFileType = sourcecode.cpp.cpp; name = PluginEditor.cpp; path = ../../Source/PluginEditor.cpp; sourceTree = SOURCE_ROOT; };
		F6FE98C9BC9FB0591B9A7664 /* ~/JUCE/modules/juce_gui_extra */ /* juce_gui_extra */ = {isa = PBXFileReference; lastKnownFileType = folder; name = juce_gui_extra; path = "~/JUCE/modules/juce_gui_extra"; sourceTree = "<absolute>"; };
		FBA9F272B1CB896D5111E26B /* ../../Source/DefaultLookAndFeel.h */ /* DefaultLookAndFeel.h */ = {isa = PBXFileReference; lastKnownFileType = sourcecode.c.h; name = DefaultLookAndFeel.h; path = ../../Source/DefaultLookAndFeel.h; sourceTree = SOURCE_ROOT; };
		FD4D2763B6E8FE6BF5787BED /* System/Library/Frameworks/WebKit.framework */ /* WebKit.framework */ = {isa = PBXFileReference; lastKnownFileType = wrapper.framework; name = WebKit.framework; path = System/Library/Frameworks/WebKit.framework; sourceTree = SDKROOT; };
/* End PBXFileReference section */

/* Begin PBXFrameworksBuildPhase section */
		1BA41074A95086DBADE8EE33 = {
			isa = PBXFrameworksBuildPhase;
			buildActionMask = 2147483647;
			files = (
				1A7DED4950CC922FF97278A3,
				31417DA500C327F7800E17B2,
				4A4FD89ED53A3710DB8FDA79,
				B2FBB6D4369561983B428A92,
				D42E53196AF235EBA7E30332,
				554488C19268043E8AB4A301,
				B3E29EBABB9B444FEE825E77,
				3058744A958CAB9E2299CF12,
				889DE15B3108361899479533,
				829152D662FC0A9488A82B07,
				C79E149FA4AA38AB7DB5DA95,
				C0054D1E2D26063BA89E82F1,
			);
			runOnlyForDeploymentPostprocessing = 0;
		};
		9FD9FE62A2E7A1EF057777DC = {
			isa = PBXFrameworksBuildPhase;
			buildActionMask = 2147483647;
			files = (
				1A7DED4950CC922FF97278A3,
				31417DA500C327F7800E17B2,
				4A4FD89ED53A3710DB8FDA79,
				B2FBB6D4369561983B428A92,
				D42E53196AF235EBA7E30332,
				554488C19268043E8AB4A301,
				B3E29EBABB9B444FEE825E77,
				3058744A958CAB9E2299CF12,
				889DE15B3108361899479533,
				829152D662FC0A9488A82B07,
				C79E149FA4AA38AB7DB5DA95,
				C0054D1E2D26063BA89E82F1,
			);
			runOnlyForDeploymentPostprocessing = 0;
		};
/* End PBXFrameworksBuildPhase section */

/* Begin PBXGroup section */
		00D05419A29B7A15A3676479 /* Source */ = {
			isa = PBXGroup;
			children = (
				1EA7B46EF06CC3C0307C8CEA,
				93617EE936FE79416E7F30EE,
				581700FE33C91A85D41A5A98,
				FBA9F272B1CB896D5111E26B,
				A8F372C1F95A98523AEECA2C,
				4107DC281B3A5295557C0199,
				34AF410A5CB87B247B748748,
				A0548B97D432D35859E8BED8,
				E3DCE7EFDE5E3381C0C1FE30,
				F6D6CB78B177DF6105E95300,
				87C544F2654437E99D376D7C,
			);
			name = Source;
			sourceTree = "<group>";
		};
		0B9E6F6CCFCA10681B40FC52 /* Source */ = {
			isa = PBXGroup;
			children = (
				7667F91646E2F4D8C183CCDB,
				61FA5E6DBF81079616EC121D,
				7CEEDB05A587666B640412C2,
				D658D4E77637C98F4497B70A,
				E1027B55D2D28D53A31ACF25,
				F20E196DE2E324146FD748C7,
			);
			name = Source;
			sourceTree = "<group>";
		};
		61FA5E6DBF81079616EC121D /* JUCE Modules */ = {
			isa = PBXGroup;
			children = (
				D5772581E793C33654B03CB5,
				CF6550B3D46C8935C7F8E77E,
				32B49A022B055176A66A95CD,
				9482B5C87B4DF31026BB2464,
				D17B7F729E4BA892ADA20567,
				ACDB3C70217535DC90FA2F63,
				2053398ABBE2295CE8183847,
				39F30E578037D0AEC80CAE63,
				1A08FA635CC32D79783172E4,
				8B3905058488DD6F671E8314,
				E3AC7ABF6F42E63D8DDE903F,
				F6FE98C9BC9FB0591B9A7664,
			);
			name = "JUCE Modules";
			sourceTree = "<group>";
		};
		7667F91646E2F4D8C183CCDB /* DrEcho */ = {
			isa = PBXGroup;
			children = (
				00D05419A29B7A15A3676479,
			);
			name = DrEcho;
			sourceTree = "<group>";
		};
		7CEEDB05A587666B640412C2 /* JUCE Library Code */ = {
			isa = PBXGroup;
			children = (
				E1EAF4BDCD186638CE2C00A1,
				F12A96089176C3FDDB246488,
				F5AB275342AED3601EAC4786,
				524B07706E1376A4E9D12364,
				15AA6725C9ED13757ED49236,
				5B0291612E76AC059392D88D,
				EE6B6DFBA6CF3E7AF5027F54,
				2FF100824ADE99A6742E64FC,
				7A15ECCCBB73CD0372BDA861,
				942697A9D0F4C10E3BC5C323,
				701486C24A6C219C8059F4FC,
				0E54508ABB1F9715840A28D4,
				C4455B29BFEFF7334070FBD4,
				CC770CE6F41FEAF99A3DD5FC,
				D77C837D4BA472659DF13A48,
				687B6AE97F4FABA193FC1D3B,
				B725DB7E9D93893713866822,
			);
			name = "JUCE Library Code";
			sourceTree = "<group>";
		};
		D658D4E77637C98F4497B70A /* Resources */ = {
			isa = PBXGroup;
			children = (
				C3C5F447FBCEAFD4C7BEA5B9,
				2BA829F2AB4B4B3B35A7B35E,
				EF391F041945D2AD141736E1,
			);
			name = Resources;
			sourceTree = "<group>";
		};
		E1027B55D2D28D53A31ACF25 /* Frameworks */ = {
			isa = PBXGroup;
			children = (
				1B7F2B407F11225C92FFB358,
				678FEF85AC7939A161C9992F,
				5FDD29EFBDC0DAB9C8C0C053,
				D6B205697A7D2357F438F651,
				0F344F8B7372F515AE9B4F01,
				598DF58944BE8118321B4CEE,
				79730BCDE6180605AF2B6B9E,
				E2FA2D9EDFF825962D5D4FA2,
				55BBF04D2146474F2CB38C5B,
				AF8475FE74DD0835D01F2184,
				6ED57E79CAF18FBFE6F25683,
				FD4D2763B6E8FE6BF5787BED,
			);
			name = Frameworks;
			sourceTree = "<group>";
		};
		F20E196DE2E324146FD748C7 /* Products */ = {
			isa = PBXGroup;
			children = (
				C7E7A114FBE308CC5E266946,
				180B03D9F179AF75D7F5F197,
				9E8DDEEBC25ADDD775497B62,
			);
			name = Products;
			sourceTree = "<group>";
		};
/* End PBXGroup section */

/* Begin PBXNativeTarget section */
		86CDB3AD7104FF146B43FFED /* DrEcho - Standalone Plugin */ = {
			isa = PBXNativeTarget;
			buildConfigurationList = 63949F5B08EB701B49CD7126;
			buildPhases = (
				D862BD2CFCC645DC7FFF24C1,
				F77BE5CEC8B0F86176EDC073,
				1BA41074A95086DBADE8EE33,
			);
			buildRules = (
			);
			dependencies = (
				B29185E10DE4154834136695,
			);
			name = "DrEcho - Standalone Plugin";
			productName = DrEcho;
			productReference = 180B03D9F179AF75D7F5F197;
			productType = "com.apple.product-type.application";
		};
		9686FBCF6D494EDD45400887 /* DrEcho - VST3 */ = {
			isa = PBXNativeTarget;
			buildConfigurationList = 2E9CEEE2762D57A551B6A950;
			buildPhases = (
				4B558C26A571D4AC44928B7D,
				9D659273787E6CFE94D7C7DC,
				9FD9FE62A2E7A1EF057777DC,
			);
			buildRules = (
			);
			dependencies = (
				59D2D303B169E7484646B2E3,
			);
			name = "DrEcho - VST3";
			productName = DrEcho;
			productReference = C7E7A114FBE308CC5E266946;
			productType = "com.apple.product-type.bundle";
		};
		FF22C667FF66CACDF91710C6 /* DrEcho - Shared Code */ = {
			isa = PBXNativeTarget;
			buildConfigurationList = CC1F9E6F78E1CD54D01F0626;
			buildPhases = (
				2B60E1D0A387137C9DCBCCFE,
			);
			buildRules = (
			);
			dependencies = (
			);
			name = "DrEcho - Shared Code";
			productName = DrEcho;
			productReference = 9E8DDEEBC25ADDD775497B62;
			productType = "com.apple.product-type.library.static";
		};
/* End PBXNativeTarget section */

/* Begin PBXProject section */
		C711E826ACA59D30F66EB178 = {
			isa = PBXProject;
			attributes = {
				LastUpgradeCheck = 1240;
				ORGANIZATIONNAME = "";
				TargetAttributes = {
					86CDB3AD7104FF146B43FFED = {
						SystemCapabilities = {
							com.apple.ApplicationGroups.iOS = {
								enabled = 0;
							};
							com.apple.HardenedRuntime = {
								enabled = 0;
							};
							com.apple.InAppPurchase = {
								enabled = 0;
							};
							com.apple.InterAppAudio = {
								enabled = 0;
							};
							com.apple.Push = {
								enabled = 0;
							};
							com.apple.Sandbox = {
								enabled = 0;
							};
						};
					};
					9639391B0F0325E915FF1050 = {
						SystemCapabilities = {
							com.apple.ApplicationGroups.iOS = {
								enabled = 0;
							};
							com.apple.HardenedRuntime = {
								enabled = 0;
							};
							com.apple.InAppPurchase = {
								enabled = 0;
							};
							com.apple.InterAppAudio = {
								enabled = 0;
							};
							com.apple.Push = {
								enabled = 0;
							};
							com.apple.Sandbox = {
								enabled = 0;
							};
						};
					};
					9686FBCF6D494EDD45400887 = {
						SystemCapabilities = {
							com.apple.ApplicationGroups.iOS = {
								enabled = 0;
							};
							com.apple.HardenedRuntime = {
								enabled = 0;
							};
							com.apple.InAppPurchase = {
								enabled = 0;
							};
							com.apple.InterAppAudio = {
								enabled = 0;
							};
							com.apple.Push = {
								enabled = 0;
							};
							com.apple.Sandbox = {
								enabled = 0;
							};
						};
					};
					FF22C667FF66CACDF91710C6 = {
						SystemCapabilities = {
							com.apple.ApplicationGroups.iOS = {
								enabled = 0;
							};
							com.apple.HardenedRuntime = {
								enabled = 0;
							};
							com.apple.InAppPurchase = {
								enabled = 0;
							};
							com.apple.InterAppAudio = {
								enabled = 0;
							};
							com.apple.Push = {
								enabled = 0;
							};
							com.apple.Sandbox = {
								enabled = 0;
							};
						};
					};
				};
			};
			buildConfigurationList = 69ABF884EAA5C3771688AAE3;
			compatibilityVersion = "Xcode 3.2";
			hasScannedForEncodings = 0;
			knownRegions = (
				en,
				Base,
			);
			mainGroup = 0B9E6F6CCFCA10681B40FC52;
			projectDirPath = "";
			projectRoot = "";
			targets = (
				9639391B0F0325E915FF1050,
				9686FBCF6D494EDD45400887,
				86CDB3AD7104FF146B43FFED,
				FF22C667FF66CACDF91710C6,
			);
		};
/* End PBXProject section */

/* Begin PBXResourcesBuildPhase section */
		4B558C26A571D4AC44928B7D = {
			isa = PBXResourcesBuildPhase;
			buildActionMask = 2147483647;
			files = (
				32841E970B81C034F501A55F,
			);
			runOnlyForDeploymentPostprocessing = 0;
		};
		D862BD2CFCC645DC7FFF24C1 = {
			isa = PBXResourcesBuildPhase;
			buildActionMask = 2147483647;
			files = (
				32841E970B81C034F501A55F,
			);
			runOnlyForDeploymentPostprocessing = 0;
		};
/* End PBXResourcesBuildPhase section */

/* Begin PBXSourcesBuildPhase section */
		2B60E1D0A387137C9DCBCCFE = {
			isa = PBXSourcesBuildPhase;
			buildActionMask = 2147483647;
			files = (
				C49885F4756E6E9BEC71580B,
				4713A57DCCACC0162FEC25B6,
				19FFB0B79BF82B34FD086433,
				1A9E10AF9A2DE300EAA726D2,
				30938B6CC3276800526AF874,
				178067DDEB8E2E9E4DDAE8FE,
				8D01CF51A4FB0B28E6493AE4,
				84793CED594888544CBD3049,
				9451A9C1B171694C2CE8D80A,
				67CC3FBBA1CF0FCCFC1C4122,
				A390A4B3A90C892AB6692E15,
				CD5F6C343DF8B318C09A0F6F,
				573B5C715E2816888BD6C8CC,
				39102EEF118417BD799E0D05,
				9867F00A01096181608FC618,
				7AD23C6EBC4AB0691931F2F0,
				4072BECD0769BF2DEB94F79B,
				0A0E664D132B50CD19D99C01,
			);
			runOnlyForDeploymentPostprocessing = 0;
		};
		9D659273787E6CFE94D7C7DC = {
			isa = PBXSourcesBuildPhase;
			buildActionMask = 2147483647;
			files = (
				CAA9F23E67FE4A707D7770BF,
			);
			runOnlyForDeploymentPostprocessing = 0;
		};
		F77BE5CEC8B0F86176EDC073 = {
			isa = PBXSourcesBuildPhase;
			buildActionMask = 2147483647;
			files = (
				ACA835BE9ED7A1F862D0FF61,
			);
			runOnlyForDeploymentPostprocessing = 0;
		};
/* End PBXSourcesBuildPhase section */

/* Begin PBXTargetDependency section */
		59D2D303B169E7484646B2E3 = {
			isa = PBXTargetDependency;
			target = FF22C667FF66CACDF91710C6;
		};
		5F2C132506BFC1A6A9CA00ED = {
			isa = PBXTargetDependency;
			target = 9686FBCF6D494EDD45400887;
		};
		B29185E10DE4154834136695 = {
			isa = PBXTargetDependency;
			target = FF22C667FF66CACDF91710C6;
		};
		B9459A6716EAA359270EE9BA = {
			isa = PBXTargetDependency;
			target = 86CDB3AD7104FF146B43FFED;
		};
		C784E44BEA47C8676CBC9974 = {
			isa = PBXTargetDependency;
			target = FF22C667FF66CACDF91710C6;
		};
/* End PBXTargetDependency section */

/* Begin XCBuildConfiguration section */
		00BC232C69902BD040F9022C /* Debug */ = {
			isa = XCBuildConfiguration;
			buildSettings = {
				MACOSX_DEPLOYMENT_TARGET = 10.11;
				SDKROOT = macosx;
			};
			name = Debug;
		};
		35E90AFB5810887E2EE86965 /* Debug */ = {
			isa = XCBuildConfiguration;
			buildSettings = {
				ALWAYS_SEARCH_USER_PATHS = NO;
				CLANG_ENABLE_OBJC_WEAK = YES;
				CLANG_WARN_BLOCK_CAPTURE_AUTORELEASING = YES;
				CLANG_WARN_BOOL_CONVERSION = YES;
				CLANG_WARN_COMMA = YES;
				CLANG_WARN_CONSTANT_CONVERSION = YES;
				CLANG_WARN_DEPRECATED_OBJC_IMPLEMENTATIONS = YES;
				CLANG_WARN_EMPTY_BODY = YES;
				CLANG_WARN_ENUM_CONVERSION = YES;
				CLANG_WARN_INFINITE_RECURSION = YES;
				CLANG_WARN_INT_CONVERSION = YES;
				CLANG_WARN_NON_LITERAL_NULL_CONVERSION = YES;
				CLANG_WARN_OBJC_IMPLICIT_RETAIN_SELF = YES;
				CLANG_WARN_OBJC_LITERAL_CONVERSION = YES;
				CLANG_WARN_RANGE_LOOP_ANALYSIS = YES;
				CLANG_WARN_STRICT_PROTOTYPES = YES;
				CLANG_WARN_SUSPICIOUS_MOVE = YES;
				CLANG_WARN_UNREACHABLE_CODE = YES;
				CLANG_WARN__DUPLICATE_METHOD_MATCH = YES;
				CODE_SIGN_IDENTITY = "";
				DEBUG_INFORMATION_FORMAT = dwarf;
				ENABLE_STRICT_OBJC_MSGSEND = YES;
				ENABLE_TESTABILITY = NO;
				GCC_C_LANGUAGE_STANDARD = c11;
				GCC_INLINES_ARE_PRIVATE_EXTERN = YES;
				GCC_MODEL_TUNING = G5;
				GCC_NO_COMMON_BLOCKS = YES;
				GCC_SYMBOLS_PRIVATE_EXTERN = YES;
				GCC_WARN_64_TO_32_BIT_CONVERSION = YES;
				GCC_WARN_ABOUT_RETURN_TYPE = YES;
				GCC_WARN_CHECK_SWITCH_STATEMENTS = YES;
				GCC_WARN_MISSING_PARENTHESES = YES;
				GCC_WARN_NON_VIRTUAL_DESTRUCTOR = YES;
				GCC_WARN_TYPECHECK_CALLS_TO_PRINTF = YES;
				GCC_WARN_UNDECLARED_SELECTOR = YES;
				GCC_WARN_UNINITIALIZED_AUTOS = YES;
				GCC_WARN_UNUSED_FUNCTION = YES;
				GCC_WARN_UNUSED_VARIABLE = YES;
				ONLY_ACTIVE_ARCH = YES;
				PRODUCT_NAME = "DrEcho";
				SDKROOT = macosx;
				WARNING_CFLAGS = "-Wreorder";
				ZERO_LINK = NO;
			};
			name = Debug;
		};
		53126ACD3D8FACB080B2F5CC /* Release */ = {
			isa = XCBuildConfiguration;
			buildSettings = {
				ALWAYS_SEARCH_USER_PATHS = NO;
				CLANG_ENABLE_OBJC_WEAK = YES;
				CLANG_WARN_BLOCK_CAPTURE_AUTORELEASING = YES;
				CLANG_WARN_BOOL_CONVERSION = YES;
				CLANG_WARN_COMMA = YES;
				CLANG_WARN_CONSTANT_CONVERSION = YES;
				CLANG_WARN_DEPRECATED_OBJC_IMPLEMENTATIONS = YES;
				CLANG_WARN_EMPTY_BODY = YES;
				CLANG_WARN_ENUM_CONVERSION = YES;
				CLANG_WARN_INFINITE_RECURSION = YES;
				CLANG_WARN_INT_CONVERSION = YES;
				CLANG_WARN_NON_LITERAL_NULL_CONVERSION = YES;
				CLANG_WARN_OBJC_IMPLICIT_RETAIN_SELF = YES;
				CLANG_WARN_OBJC_LITERAL_CONVERSION = YES;
				CLANG_WARN_RANGE_LOOP_ANALYSIS = YES;
				CLANG_WARN_STRICT_PROTOTYPES = YES;
				CLANG_WARN_SUSPICIOUS_MOVE = YES;
				CLANG_WARN_UNREACHABLE_CODE = YES;
				CLANG_WARN__DUPLICATE_METHOD_MATCH = YES;
				CODE_SIGN_IDENTITY = "";
				DEBUG_INFORMATION_FORMAT = dwarf;
				ENABLE_STRICT_OBJC_MSGSEND = YES;
				ENABLE_TESTABILITY = NO;
				GCC_C_LANGUAGE_STANDARD = c11;
				GCC_INLINES_ARE_PRIVATE_EXTERN = YES;
				GCC_MODEL_TUNING = G5;
				GCC_NO_COMMON_BLOCKS = YES;
				GCC_SYMBOLS_PRIVATE_EXTERN = YES;
				GCC_WARN_64_TO_32_BIT_CONVERSION = YES;
				GCC_WARN_ABOUT_RETURN_TYPE = YES;
				GCC_WARN_CHECK_SWITCH_STATEMENTS = YES;
				GCC_WARN_MISSING_PARENTHESES = YES;
				GCC_WARN_NON_VIRTUAL_DESTRUCTOR = YES;
				GCC_WARN_TYPECHECK_CALLS_TO_PRINTF = YES;
				GCC_WARN_UNDECLARED_SELECTOR = YES;
				GCC_WARN_UNINITIALIZED_AUTOS = YES;
				GCC_WARN_UNUSED_FUNCTION = YES;
				GCC_WARN_UNUSED_VARIABLE = YES;
				PRODUCT_NAME = "DrEcho";
				SDKROOT = macosx;
				WARNING_CFLAGS = "-Wreorder";
				ZERO_LINK = NO;
			};
			name = Release;
		};
		5B87A5B86792A1BA1DF56EC9 /* Debug */ = {
			isa = XCBuildConfiguration;
			buildSettings = {
				CLANG_CXX_LANGUAGE_STANDARD = "c++14";
				CLANG_CXX_LIBRARY = "libc++";
				CLANG_LINK_OBJC_RUNTIME = NO;
				CODE_SIGN_IDENTITY = "";
				COMBINE_HIDPI_IMAGES = YES;
				CONFIGURATION_BUILD_DIR = "$(PROJECT_DIR)/build/$(CONFIGURATION)";
				COPY_PHASE_STRIP = NO;
				DEPLOYMENT_LOCATION = YES;
				DSTROOT = /;
				GCC_DYNAMIC_NO_PIC = NO;
				GCC_OPTIMIZATION_LEVEL = 0;
				GCC_PREPROCESSOR_DEFINITIONS = (
					"_DEBUG=1",
					"DEBUG=1",
					"JUCE_DISPLAY_SPLASH_SCREEN=1",
					"JUCE_USE_DARK_SPLASH_SCREEN=1",
					"JUCE_PROJUCER_VERSION=0x60008",
					"JUCE_MODULE_AVAILABLE_juce_audio_basics=1",
					"JUCE_MODULE_AVAILABLE_juce_audio_devices=1",
					"JUCE_MODULE_AVAILABLE_juce_audio_formats=1",
					"JUCE_MODULE_AVAILABLE_juce_audio_plugin_client=1",
					"JUCE_MODULE_AVAILABLE_juce_audio_processors=1",
					"JUCE_MODULE_AVAILABLE_juce_audio_utils=1",
					"JUCE_MODULE_AVAILABLE_juce_core=1",
					"JUCE_MODULE_AVAILABLE_juce_data_structures=1",
					"JUCE_MODULE_AVAILABLE_juce_events=1",
					"JUCE_MODULE_AVAILABLE_juce_graphics=1",
					"JUCE_MODULE_AVAILABLE_juce_gui_basics=1",
					"JUCE_MODULE_AVAILABLE_juce_gui_extra=1",
					"JUCE_GLOBAL_MODULE_SETTINGS_INCLUDED=1",
					"JUCE_VST3_CAN_REPLACE_VST2=0",
					"JUCE_STRICT_REFCOUNTEDPOINTER=1",
					"JucePlugin_Build_VST=0",
					"JucePlugin_Build_VST3=1",
					"JucePlugin_Build_AU=0",
					"JucePlugin_Build_AUv3=0",
					"JucePlugin_Build_RTAS=0",
					"JucePlugin_Build_AAX=0",
					"JucePlugin_Build_Standalone=0",
					"JucePlugin_Build_Unity=0",
					"JucePlugin_Enable_IAA=0",
					"JucePlugin_Name=\\\"Dr.Echo\\\"",
					"JucePlugin_Desc=\\\"A\\ simple\\ echo/delay\\ VST\\ plug-in\\\"",
					"JucePlugin_Manufacturer=\\\"Stefan\\ Fleischer\\\"",
					"JucePlugin_ManufacturerWebsite=\\\"\\\"",
					"JucePlugin_ManufacturerEmail=\\\"\\\"",
					"JucePlugin_ManufacturerCode=0x4d616e75",
					"JucePlugin_PluginCode=0x526e7875",
					"JucePlugin_IsSynth=0",
					"JucePlugin_WantsMidiInput=0",
					"JucePlugin_ProducesMidiOutput=0",
					"JucePlugin_IsMidiEffect=0",
					"JucePlugin_EditorRequiresKeyboardFocus=0",
					"JucePlugin_Version=1.1.0",
					"JucePlugin_VersionCode=0x10100",
					"JucePlugin_VersionString=\\\"1.1.0\\\"",
					"JucePlugin_VSTUniqueID=JucePlugin_PluginCode",
					"JucePlugin_VSTCategory=kPlugCategEffect",
					"JucePlugin_Vst3Category=\\\"Fx|Delay\\\"",
					"JucePlugin_AUMainType='aufx'",
					"JucePlugin_AUSubType=JucePlugin_PluginCode",
					"JucePlugin_AUExportPrefix=DrEchoAU",
					"JucePlugin_AUExportPrefixQuoted=\\\"DrEchoAU\\\"",
					"JucePlugin_AUManufacturerCode=JucePlugin_ManufacturerCode",
					"JucePlugin_CFBundleIdentifier=com.Flinsch.DrEcho",
					"JucePlugin_RTASCategory=0",
					"JucePlugin_RTASManufacturerCode=JucePlugin_ManufacturerCode",
					"JucePlugin_RTASProductId=JucePlugin_PluginCode",
					"JucePlugin_RTASDisableBypass=0",
					"JucePlugin_RTASDisableMultiMono=0",
					"JucePlugin_AAXIdentifier=com.Flinsch.DrEcho",
					"JucePlugin_AAXManufacturerCode=JucePlugin_ManufacturerCode",
					"JucePlugin_AAXProductId=JucePlugin_PluginCode",
					"JucePlugin_AAXCategory=0",
					"JucePlugin_AAXDisableBypass=0",
					"JucePlugin_AAXDisableMultiMono=0",
					"JucePlugin_IAAType=0x61757278",
					"JucePlugin_IAASubType=JucePlugin_PluginCode",
					"JucePlugin_IAAName=\\\"Stefan\\ Fleischer:\\ Dr.Echo\\\"",
					"JucePlugin_VSTNumMidiInputs=16",
					"JucePlugin_VSTNumMidiOutputs=16",
					"JUCE_STANDALONE_APPLICATION=JucePlugin_Build_Standalone",
					"JUCER_XCODE_MAC_F6D2F4CF=1",
					"JUCE_APP_VERSION=1.1.0",
					"JUCE_APP_VERSION_HEX=0x10100",
				);
				GCC_VERSION = com.apple.compilers.llvm.clang.1_0;
				GENERATE_PKGINFO_FILE = YES;
				HEADER_SEARCH_PATHS = (
					"$(SRCROOT)/~/JUCE/modules/juce_audio_processors/format_types/VST3_SDK",
					"$(SRCROOT)/../../JuceLibraryCode",
					"$(SRCROOT)/~/JUCE/modules",
					"$(SRCROOT)/~/JUCE/modules/juce_audio_plugin_client",
					"$(inherited)",
				);
				INFOPLIST_FILE = Info-VST3.plist;
				INFOPLIST_PREPROCESS = NO;
				INSTALL_PATH = "$(HOME)/Library/Audio/Plug-Ins/VST3/";
				LIBRARY_STYLE = Bundle;
				MACOSX_DEPLOYMENT_TARGET = 10.11;
				MTL_HEADER_SEARCH_PATHS = "$(SRCROOT)/~/JUCE/modules/juce_audio_processors/format_types/VST3_SDK $(SRCROOT)/../../JuceLibraryCode $(SRCROOT)/~/JUCE/modules $(SRCROOT)/~/JUCE/modules/juce_audio_plugin_client";
				OTHER_LDFLAGS = "-bundle -lDrEcho";
				PRODUCT_BUNDLE_IDENTIFIER = com.Flinsch.DrEcho;
				PRODUCT_NAME = "DrEcho";
				USE_HEADERMAP = NO;
				VALID_ARCHS = "i386 x86_64 arm64 arm64e";
				WRAPPER_EXTENSION = vst3;
			};
			name = Debug;
		};
		9526E293204A4D2FA93D24EA /* Debug */ = {
			isa = XCBuildConfiguration;
			buildSettings = {
				CLANG_CXX_LANGUAGE_STANDARD = "c++14";
				CLANG_CXX_LIBRARY = "libc++";
				CLANG_LINK_OBJC_RUNTIME = NO;
				CODE_SIGN_IDENTITY = "";
				COMBINE_HIDPI_IMAGES = YES;
				CONFIGURATION_BUILD_DIR = "$(PROJECT_DIR)/build/$(CONFIGURATION)";
				COPY_PHASE_STRIP = NO;
				GCC_DYNAMIC_NO_PIC = NO;
				GCC_OPTIMIZATION_LEVEL = 0;
				GCC_PREPROCESSOR_DEFINITIONS = (
					"_DEBUG=1",
					"DEBUG=1",
					"JUCE_DISPLAY_SPLASH_SCREEN=1",
					"JUCE_USE_DARK_SPLASH_SCREEN=1",
					"JUCE_PROJUCER_VERSION=0x60008",
					"JUCE_MODULE_AVAILABLE_juce_audio_basics=1",
					"JUCE_MODULE_AVAILABLE_juce_audio_devices=1",
					"JUCE_MODULE_AVAILABLE_juce_audio_formats=1",
					"JUCE_MODULE_AVAILABLE_juce_audio_plugin_client=1",
					"JUCE_MODULE_AVAILABLE_juce_audio_processors=1",
					"JUCE_MODULE_AVAILABLE_juce_audio_utils=1",
					"JUCE_MODULE_AVAILABLE_juce_core=1",
					"JUCE_MODULE_AVAILABLE_juce_data_structures=1",
					"JUCE_MODULE_AVAILABLE_juce_events=1",
					"JUCE_MODULE_AVAILABLE_juce_graphics=1",
					"JUCE_MODULE_AVAILABLE_juce_gui_basics=1",
					"JUCE_MODULE_AVAILABLE_juce_gui_extra=1",
					"JUCE_GLOBAL_MODULE_SETTINGS_INCLUDED=1",
					"JUCE_VST3_CAN_REPLACE_VST2=0",
					"JUCE_STRICT_REFCOUNTEDPOINTER=1",
					"JucePlugin_Build_VST=0",
					"JucePlugin_Build_VST3=1",
					"JucePlugin_Build_AU=0",
					"JucePlugin_Build_AUv3=0",
					"JucePlugin_Build_RTAS=0",
					"JucePlugin_Build_AAX=0",
					"JucePlugin_Build_Standalone=1",
					"JucePlugin_Build_Unity=0",
					"JucePlugin_Enable_IAA=0",
					"JucePlugin_Name=\\\"Dr.Echo\\\"",
					"JucePlugin_Desc=\\\"A\\ simple\\ echo/delay\\ VST\\ plug-in\\\"",
					"JucePlugin_Manufacturer=\\\"Stefan\\ Fleischer\\\"",
					"JucePlugin_ManufacturerWebsite=\\\"\\\"",
					"JucePlugin_ManufacturerEmail=\\\"\\\"",
					"JucePlugin_ManufacturerCode=0x4d616e75",
					"JucePlugin_PluginCode=0x526e7875",
					"JucePlugin_IsSynth=0",
					"JucePlugin_WantsMidiInput=0",
					"JucePlugin_ProducesMidiOutput=0",
					"JucePlugin_IsMidiEffect=0",
					"JucePlugin_EditorRequiresKeyboardFocus=0",
					"JucePlugin_Version=1.1.0",
					"JucePlugin_VersionCode=0x10100",
					"JucePlugin_VersionString=\\\"1.1.0\\\"",
					"JucePlugin_VSTUniqueID=JucePlugin_PluginCode",
					"JucePlugin_VSTCategory=kPlugCategEffect",
					"JucePlugin_Vst3Category=\\\"Fx|Delay\\\"",
					"JucePlugin_AUMainType='aufx'",
					"JucePlugin_AUSubType=JucePlugin_PluginCode",
					"JucePlugin_AUExportPrefix=DrEchoAU",
					"JucePlugin_AUExportPrefixQuoted=\\\"DrEchoAU\\\"",
					"JucePlugin_AUManufacturerCode=JucePlugin_ManufacturerCode",
					"JucePlugin_CFBundleIdentifier=com.Flinsch.DrEcho",
					"JucePlugin_RTASCategory=0",
					"JucePlugin_RTASManufacturerCode=JucePlugin_ManufacturerCode",
					"JucePlugin_RTASProductId=JucePlugin_PluginCode",
					"JucePlugin_RTASDisableBypass=0",
					"JucePlugin_RTASDisableMultiMono=0",
					"JucePlugin_AAXIdentifier=com.Flinsch.DrEcho",
					"JucePlugin_AAXManufacturerCode=JucePlugin_ManufacturerCode",
					"JucePlugin_AAXProductId=JucePlugin_PluginCode",
					"JucePlugin_AAXCategory=0",
					"JucePlugin_AAXDisableBypass=0",
					"JucePlugin_AAXDisableMultiMono=0",
					"JucePlugin_IAAType=0x61757278",
					"JucePlugin_IAASubType=JucePlugin_PluginCode",
					"JucePlugin_IAAName=\\\"Stefan\\ Fleischer:\\ Dr.Echo\\\"",
					"JucePlugin_VSTNumMidiInputs=16",
					"JucePlugin_VSTNumMidiOutputs=16",
					"JUCE_STANDALONE_APPLICATION=JucePlugin_Build_Standalone",
					"JUCER_XCODE_MAC_F6D2F4CF=1",
					"JUCE_APP_VERSION=1.1.0",
					"JUCE_APP_VERSION_HEX=0x10100",
					"JUCE_SHARED_CODE=1",
				);
				GCC_VERSION = com.apple.compilers.llvm.clang.1_0;
				HEADER_SEARCH_PATHS = (
					"$(SRCROOT)/~/JUCE/modules/juce_audio_processors/format_types/VST3_SDK",
					"$(SRCROOT)/../../JuceLibraryCode",
					"$(SRCROOT)/~/JUCE/modules",
					"$(SRCROOT)/~/JUCE/modules/juce_audio_plugin_client",
					"$(inherited)",
				);
				INSTALL_PATH = "@executable_path/../Frameworks";
				MACOSX_DEPLOYMENT_TARGET = 10.11;
				MTL_HEADER_SEARCH_PATHS = "$(SRCROOT)/~/JUCE/modules/juce_audio_processors/format_types/VST3_SDK $(SRCROOT)/../../JuceLibraryCode $(SRCROOT)/~/JUCE/modules $(SRCROOT)/~/JUCE/modules/juce_audio_plugin_client";
				PRODUCT_BUNDLE_IDENTIFIER = com.Flinsch.DrEcho;
				PRODUCT_NAME = "DrEcho";
				SKIP_INSTALL = YES;
				USE_HEADERMAP = NO;
				VALID_ARCHS = "i386 x86_64 arm64 arm64e";
			};
			name = Debug;
		};
		99CFC1804725C7811994C881 /* Release */ = {
			isa = XCBuildConfiguration;
			buildSettings = {
				MACOSX_DEPLOYMENT_TARGET = 10.11;
				SDKROOT = macosx;
			};
			name = Release;
		};
		A13EEB9A33AD522FDF1D9118 /* Debug */ = {
			isa = XCBuildConfiguration;
			buildSettings = {
				CLANG_CXX_LANGUAGE_STANDARD = "c++14";
				CLANG_CXX_LIBRARY = "libc++";
				CLANG_LINK_OBJC_RUNTIME = NO;
				CODE_SIGN_IDENTITY = "";
				COMBINE_HIDPI_IMAGES = YES;
				CONFIGURATION_BUILD_DIR = "$(PROJECT_DIR)/build/$(CONFIGURATION)";
				COPY_PHASE_STRIP = NO;
				GCC_DYNAMIC_NO_PIC = NO;
				GCC_OPTIMIZATION_LEVEL = 0;
				GCC_PREPROCESSOR_DEFINITIONS = (
					"_DEBUG=1",
					"DEBUG=1",
					"JUCE_DISPLAY_SPLASH_SCREEN=1",
					"JUCE_USE_DARK_SPLASH_SCREEN=1",
					"JUCE_PROJUCER_VERSION=0x60008",
					"JUCE_MODULE_AVAILABLE_juce_audio_basics=1",
					"JUCE_MODULE_AVAILABLE_juce_audio_devices=1",
					"JUCE_MODULE_AVAILABLE_juce_audio_formats=1",
					"JUCE_MODULE_AVAILABLE_juce_audio_plugin_client=1",
					"JUCE_MODULE_AVAILABLE_juce_audio_processors=1",
					"JUCE_MODULE_AVAILABLE_juce_audio_utils=1",
					"JUCE_MODULE_AVAILABLE_juce_core=1",
					"JUCE_MODULE_AVAILABLE_juce_data_structures=1",
					"JUCE_MODULE_AVAILABLE_juce_events=1",
					"JUCE_MODULE_AVAILABLE_juce_graphics=1",
					"JUCE_MODULE_AVAILABLE_juce_gui_basics=1",
					"JUCE_MODULE_AVAILABLE_juce_gui_extra=1",
					"JUCE_GLOBAL_MODULE_SETTINGS_INCLUDED=1",
					"JUCE_VST3_CAN_REPLACE_VST2=0",
					"JUCE_STRICT_REFCOUNTEDPOINTER=1",
					"JucePlugin_Build_VST=0",
					"JucePlugin_Build_VST3=0",
					"JucePlugin_Build_AU=0",
					"JucePlugin_Build_AUv3=0",
					"JucePlugin_Build_RTAS=0",
					"JucePlugin_Build_AAX=0",
					"JucePlugin_Build_Standalone=1",
					"JucePlugin_Build_Unity=0",
					"JucePlugin_Enable_IAA=0",
					"JucePlugin_Name=\\\"Dr.Echo\\\"",
					"JucePlugin_Desc=\\\"A\\ simple\\ echo/delay\\ VST\\ plug-in\\\"",
					"JucePlugin_Manufacturer=\\\"Stefan\\ Fleischer\\\"",
					"JucePlugin_ManufacturerWebsite=\\\"\\\"",
					"JucePlugin_ManufacturerEmail=\\\"\\\"",
					"JucePlugin_ManufacturerCode=0x4d616e75",
					"JucePlugin_PluginCode=0x526e7875",
					"JucePlugin_IsSynth=0",
					"JucePlugin_WantsMidiInput=0",
					"JucePlugin_ProducesMidiOutput=0",
					"JucePlugin_IsMidiEffect=0",
					"JucePlugin_EditorRequiresKeyboardFocus=0",
					"JucePlugin_Version=1.1.0",
					"JucePlugin_VersionCode=0x10100",
					"JucePlugin_VersionString=\\\"1.1.0\\\"",
					"JucePlugin_VSTUniqueID=JucePlugin_PluginCode",
					"JucePlugin_VSTCategory=kPlugCategEffect",
					"JucePlugin_Vst3Category=\\\"Fx|Delay\\\"",
					"JucePlugin_AUMainType='aufx'",
					"JucePlugin_AUSubType=JucePlugin_PluginCode",
					"JucePlugin_AUExportPrefix=DrEchoAU",
					"JucePlugin_AUExportPrefixQuoted=\\\"DrEchoAU\\\"",
					"JucePlugin_AUManufacturerCode=JucePlugin_ManufacturerCode",
					"JucePlugin_CFBundleIdentifier=com.Flinsch.DrEcho",
					"JucePlugin_RTASCategory=0",
					"JucePlugin_RTASManufacturerCode=JucePlugin_ManufacturerCode",
					"JucePlugin_RTASProductId=JucePlugin_PluginCode",
					"JucePlugin_RTASDisableBypass=0",
					"JucePlugin_RTASDisableMultiMono=0",
					"JucePlugin_AAXIdentifier=com.Flinsch.DrEcho",
					"JucePlugin_AAXManufacturerCode=JucePlugin_ManufacturerCode",
					"JucePlugin_AAXProductId=JucePlugin_PluginCode",
					"JucePlugin_AAXCategory=0",
					"JucePlugin_AAXDisableBypass=0",
					"JucePlugin_AAXDisableMultiMono=0",
					"JucePlugin_IAAType=0x61757278",
					"JucePlugin_IAASubType=JucePlugin_PluginCode",
					"JucePlugin_IAAName=\\\"Stefan\\ Fleischer:\\ Dr.Echo\\\"",
					"JucePlugin_VSTNumMidiInputs=16",
					"JucePlugin_VSTNumMidiOutputs=16",
					"JUCE_STANDALONE_APPLICATION=JucePlugin_Build_Standalone",
					"JUCER_XCODE_MAC_F6D2F4CF=1",
					"JUCE_APP_VERSION=1.1.0",
					"JUCE_APP_VERSION_HEX=0x10100",
				);
				GCC_VERSION = com.apple.compilers.llvm.clang.1_0;
				HEADER_SEARCH_PATHS = (
					"$(SRCROOT)/~/JUCE/modules/juce_audio_processors/format_types/VST3_SDK",
					"$(SRCROOT)/../../JuceLibraryCode",
					"$(SRCROOT)/~/JUCE/modules",
					"$(SRCROOT)/~/JUCE/modules/juce_audio_plugin_client",
					"$(inherited)",
				);
				INFOPLIST_FILE = Info-Standalone_Plugin.plist;
				INFOPLIST_PREPROCESS = NO;
				MACOSX_DEPLOYMENT_TARGET = 10.11;
				MTL_HEADER_SEARCH_PATHS = "$(SRCROOT)/~/JUCE/modules/juce_audio_processors/format_types/VST3_SDK $(SRCROOT)/../../JuceLibraryCode $(SRCROOT)/~/JUCE/modules $(SRCROOT)/~/JUCE/modules/juce_audio_plugin_client";
				OTHER_LDFLAGS = "-lDrEcho";
				PRODUCT_BUNDLE_IDENTIFIER = com.Flinsch.DrEcho;
				PRODUCT_NAME = "DrEcho";
				USE_HEADERMAP = NO;
				VALID_ARCHS = "i386 x86_64 arm64 arm64e";
			};
			name = Debug;
		};
		B1DE0EA645FDA9A8518CD7CF /* Release */ = {
			isa = XCBuildConfiguration;
			buildSettings = {
				CLANG_CXX_LANGUAGE_STANDARD = "c++14";
				CLANG_CXX_LIBRARY = "libc++";
				CLANG_LINK_OBJC_RUNTIME = NO;
				CODE_SIGN_IDENTITY = "";
				COMBINE_HIDPI_IMAGES = YES;
				CONFIGURATION_BUILD_DIR = "$(PROJECT_DIR)/build/$(CONFIGURATION)";
				DEAD_CODE_STRIPPING = YES;
				GCC_GENERATE_DEBUGGING_SYMBOLS = NO;
				GCC_OPTIMIZATION_LEVEL = 3;
				GCC_PREPROCESSOR_DEFINITIONS = (
					"_NDEBUG=1",
					"NDEBUG=1",
					"JUCE_DISPLAY_SPLASH_SCREEN=1",
					"JUCE_USE_DARK_SPLASH_SCREEN=1",
					"JUCE_PROJUCER_VERSION=0x60008",
					"JUCE_MODULE_AVAILABLE_juce_audio_basics=1",
					"JUCE_MODULE_AVAILABLE_juce_audio_devices=1",
					"JUCE_MODULE_AVAILABLE_juce_audio_formats=1",
					"JUCE_MODULE_AVAILABLE_juce_audio_plugin_client=1",
					"JUCE_MODULE_AVAILABLE_juce_audio_processors=1",
					"JUCE_MODULE_AVAILABLE_juce_audio_utils=1",
					"JUCE_MODULE_AVAILABLE_juce_core=1",
					"JUCE_MODULE_AVAILABLE_juce_data_structures=1",
					"JUCE_MODULE_AVAILABLE_juce_events=1",
					"JUCE_MODULE_AVAILABLE_juce_graphics=1",
					"JUCE_MODULE_AVAILABLE_juce_gui_basics=1",
					"JUCE_MODULE_AVAILABLE_juce_gui_extra=1",
					"JUCE_GLOBAL_MODULE_SETTINGS_INCLUDED=1",
					"JUCE_VST3_CAN_REPLACE_VST2=0",
					"JUCE_STRICT_REFCOUNTEDPOINTER=1",
					"JucePlugin_Build_VST=0",
					"JucePlugin_Build_VST3=1",
					"JucePlugin_Build_AU=0",
					"JucePlugin_Build_AUv3=0",
					"JucePlugin_Build_RTAS=0",
					"JucePlugin_Build_AAX=0",
					"JucePlugin_Build_Standalone=1",
					"JucePlugin_Build_Unity=0",
					"JucePlugin_Enable_IAA=0",
					"JucePlugin_Name=\\\"Dr.Echo\\\"",
					"JucePlugin_Desc=\\\"A\\ simple\\ echo/delay\\ VST\\ plug-in\\\"",
					"JucePlugin_Manufacturer=\\\"Stefan\\ Fleischer\\\"",
					"JucePlugin_ManufacturerWebsite=\\\"\\\"",
					"JucePlugin_ManufacturerEmail=\\\"\\\"",
					"JucePlugin_ManufacturerCode=0x4d616e75",
					"JucePlugin_PluginCode=0x526e7875",
					"JucePlugin_IsSynth=0",
					"JucePlugin_WantsMidiInput=0",
					"JucePlugin_ProducesMidiOutput=0",
					"JucePlugin_IsMidiEffect=0",
					"JucePlugin_EditorRequiresKeyboardFocus=0",
					"JucePlugin_Version=1.1.0",
					"JucePlugin_VersionCode=0x10100",
					"JucePlugin_VersionString=\\\"1.1.0\\\"",
					"JucePlugin_VSTUniqueID=JucePlugin_PluginCode",
					"JucePlugin_VSTCategory=kPlugCategEffect",
					"JucePlugin_Vst3Category=\\\"Fx|Delay\\\"",
					"JucePlugin_AUMainType='aufx'",
					"JucePlugin_AUSubType=JucePlugin_PluginCode",
					"JucePlugin_AUExportPrefix=DrEchoAU",
					"JucePlugin_AUExportPrefixQuoted=\\\"DrEchoAU\\\"",
					"JucePlugin_AUManufacturerCode=JucePlugin_ManufacturerCode",
					"JucePlugin_CFBundleIdentifier=com.Flinsch.DrEcho",
					"JucePlugin_RTASCategory=0",
					"JucePlugin_RTASManufacturerCode=JucePlugin_ManufacturerCode",
					"JucePlugin_RTASProductId=JucePlugin_PluginCode",
					"JucePlugin_RTASDisableBypass=0",
					"JucePlugin_RTASDisableMultiMono=0",
					"JucePlugin_AAXIdentifier=com.Flinsch.DrEcho",
					"JucePlugin_AAXManufacturerCode=JucePlugin_ManufacturerCode",
					"JucePlugin_AAXProductId=JucePlugin_PluginCode",
					"JucePlugin_AAXCategory=0",
					"JucePlugin_AAXDisableBypass=0",
					"JucePlugin_AAXDisableMultiMono=0",
					"JucePlugin_IAAType=0x61757278",
					"JucePlugin_IAASubType=JucePlugin_PluginCode",
					"JucePlugin_IAAName=\\\"Stefan\\ Fleischer:\\ Dr.Echo\\\"",
					"JucePlugin_VSTNumMidiInputs=16",
					"JucePlugin_VSTNumMidiOutputs=16",
					"JUCE_STANDALONE_APPLICATION=JucePlugin_Build_Standalone",
					"JUCER_XCODE_MAC_F6D2F4CF=1",
					"JUCE_APP_VERSION=1.1.0",
					"JUCE_APP_VERSION_HEX=0x10100",
					"JUCE_SHARED_CODE=1",
				);
				GCC_VERSION = com.apple.compilers.llvm.clang.1_0;
				HEADER_SEARCH_PATHS = (
					"$(SRCROOT)/~/JUCE/modules/juce_audio_processors/format_types/VST3_SDK",
					"$(SRCROOT)/../../JuceLibraryCode",
					"$(SRCROOT)/~/JUCE/modules",
					"$(SRCROOT)/~/JUCE/modules/juce_audio_plugin_client",
					"$(inherited)",
				);
				INSTALL_PATH = "@executable_path/../Frameworks";
				LLVM_LTO = YES;
				MACOSX_DEPLOYMENT_TARGET = 10.11;
				MTL_HEADER_SEARCH_PATHS = "$(SRCROOT)/~/JUCE/modules/juce_audio_processors/format_types/VST3_SDK $(SRCROOT)/../../JuceLibraryCode $(SRCROOT)/~/JUCE/modules $(SRCROOT)/~/JUCE/modules/juce_audio_plugin_client";
				PRODUCT_BUNDLE_IDENTIFIER = com.Flinsch.DrEcho;
				PRODUCT_NAME = "DrEcho";
				SKIP_INSTALL = YES;
				USE_HEADERMAP = NO;
				VALID_ARCHS = "i386 x86_64 arm64 arm64e";
			};
			name = Release;
		};
		B9A2920DF5310DDF0B72CBA2 /* Release */ = {
			isa = XCBuildConfiguration;
			buildSettings = {
				CLANG_CXX_LANGUAGE_STANDARD = "c++14";
				CLANG_CXX_LIBRARY = "libc++";
				CLANG_LINK_OBJC_RUNTIME = NO;
				CODE_SIGN_IDENTITY = "";
				COMBINE_HIDPI_IMAGES = YES;
				CONFIGURATION_BUILD_DIR = "$(PROJECT_DIR)/build/$(CONFIGURATION)";
				DEAD_CODE_STRIPPING = YES;
				GCC_GENERATE_DEBUGGING_SYMBOLS = NO;
				GCC_OPTIMIZATION_LEVEL = 3;
				GCC_PREPROCESSOR_DEFINITIONS = (
					"_NDEBUG=1",
					"NDEBUG=1",
					"JUCE_DISPLAY_SPLASH_SCREEN=1",
					"JUCE_USE_DARK_SPLASH_SCREEN=1",
					"JUCE_PROJUCER_VERSION=0x60008",
					"JUCE_MODULE_AVAILABLE_juce_audio_basics=1",
					"JUCE_MODULE_AVAILABLE_juce_audio_devices=1",
					"JUCE_MODULE_AVAILABLE_juce_audio_formats=1",
					"JUCE_MODULE_AVAILABLE_juce_audio_plugin_client=1",
					"JUCE_MODULE_AVAILABLE_juce_audio_processors=1",
					"JUCE_MODULE_AVAILABLE_juce_audio_utils=1",
					"JUCE_MODULE_AVAILABLE_juce_core=1",
					"JUCE_MODULE_AVAILABLE_juce_data_structures=1",
					"JUCE_MODULE_AVAILABLE_juce_events=1",
					"JUCE_MODULE_AVAILABLE_juce_graphics=1",
					"JUCE_MODULE_AVAILABLE_juce_gui_basics=1",
					"JUCE_MODULE_AVAILABLE_juce_gui_extra=1",
					"JUCE_GLOBAL_MODULE_SETTINGS_INCLUDED=1",
					"JUCE_VST3_CAN_REPLACE_VST2=0",
					"JUCE_STRICT_REFCOUNTEDPOINTER=1",
					"JucePlugin_Build_VST=0",
					"JucePlugin_Build_VST3=0",
					"JucePlugin_Build_AU=0",
					"JucePlugin_Build_AUv3=0",
					"JucePlugin_Build_RTAS=0",
					"JucePlugin_Build_AAX=0",
					"JucePlugin_Build_Standalone=1",
					"JucePlugin_Build_Unity=0",
					"JucePlugin_Enable_IAA=0",
					"JucePlugin_Name=\\\"Dr.Echo\\\"",
					"JucePlugin_Desc=\\\"A\\ simple\\ echo/delay\\ VST\\ plug-in\\\"",
					"JucePlugin_Manufacturer=\\\"Stefan\\ Fleischer\\\"",
					"JucePlugin_ManufacturerWebsite=\\\"\\\"",
					"JucePlugin_ManufacturerEmail=\\\"\\\"",
					"JucePlugin_ManufacturerCode=0x4d616e75",
					"JucePlugin_PluginCode=0x526e7875",
					"JucePlugin_IsSynth=0",
					"JucePlugin_WantsMidiInput=0",
					"JucePlugin_ProducesMidiOutput=0",
					"JucePlugin_IsMidiEffect=0",
					"JucePlugin_EditorRequiresKeyboardFocus=0",
					"JucePlugin_Version=1.1.0",
					"JucePlugin_VersionCode=0x10100",
					"JucePlugin_VersionString=\\\"1.1.0\\\"",
					"JucePlugin_VSTUniqueID=JucePlugin_PluginCode",
					"JucePlugin_VSTCategory=kPlugCategEffect",
					"JucePlugin_Vst3Category=\\\"Fx|Delay\\\"",
					"JucePlugin_AUMainType='aufx'",
					"JucePlugin_AUSubType=JucePlugin_PluginCode",
					"JucePlugin_AUExportPrefix=DrEchoAU",
					"JucePlugin_AUExportPrefixQuoted=\\\"DrEchoAU\\\"",
					"JucePlugin_AUManufacturerCode=JucePlugin_ManufacturerCode",
					"JucePlugin_CFBundleIdentifier=com.Flinsch.DrEcho",
					"JucePlugin_RTASCategory=0",
					"JucePlugin_RTASManufacturerCode=JucePlugin_ManufacturerCode",
					"JucePlugin_RTASProductId=JucePlugin_PluginCode",
					"JucePlugin_RTASDisableBypass=0",
					"JucePlugin_RTASDisableMultiMono=0",
					"JucePlugin_AAXIdentifier=com.Flinsch.DrEcho",
					"JucePlugin_AAXManufacturerCode=JucePlugin_ManufacturerCode",
					"JucePlugin_AAXProductId=JucePlugin_PluginCode",
					"JucePlugin_AAXCategory=0",
					"JucePlugin_AAXDisableBypass=0",
					"JucePlugin_AAXDisableMultiMono=0",
					"JucePlugin_IAAType=0x61757278",
					"JucePlugin_IAASubType=JucePlugin_PluginCode",
					"JucePlugin_IAAName=\\\"Stefan\\ Fleischer:\\ Dr.Echo\\\"",
					"JucePlugin_VSTNumMidiInputs=16",
					"JucePlugin_VSTNumMidiOutputs=16",
					"JUCE_STANDALONE_APPLICATION=JucePlugin_Build_Standalone",
					"JUCER_XCODE_MAC_F6D2F4CF=1",
					"JUCE_APP_VERSION=1.1.0",
					"JUCE_APP_VERSION_HEX=0x10100",
				);
				GCC_VERSION = com.apple.compilers.llvm.clang.1_0;
				HEADER_SEARCH_PATHS = (
					"$(SRCROOT)/~/JUCE/modules/juce_audio_processors/format_types/VST3_SDK",
					"$(SRCROOT)/../../JuceLibraryCode",
					"$(SRCROOT)/~/JUCE/modules",
					"$(SRCROOT)/~/JUCE/modules/juce_audio_plugin_client",
					"$(inherited)",
				);
				INFOPLIST_FILE = Info-Standalone_Plugin.plist;
				INFOPLIST_PREPROCESS = NO;
				LLVM_LTO = YES;
				MACOSX_DEPLOYMENT_TARGET = 10.11;
				MTL_HEADER_SEARCH_PATHS = "$(SRCROOT)/~/JUCE/modules/juce_audio_processors/format_types/VST3_SDK $(SRCROOT)/../../JuceLibraryCode $(SRCROOT)/~/JUCE/modules $(SRCROOT)/~/JUCE/modules/juce_audio_plugin_client";
				OTHER_LDFLAGS = "-lDrEcho";
				PRODUCT_BUNDLE_IDENTIFIER = com.Flinsch.DrEcho;
				PRODUCT_NAME = "DrEcho";
				USE_HEADERMAP = NO;
				VALID_ARCHS = "i386 x86_64 arm64 arm64e";
			};
			name = Release;
		};
		C35619EABEC02DBC0FDE466E /* Release */ = {
			isa = XCBuildConfiguration;
			buildSettings = {
				CLANG_CXX_LANGUAGE_STANDARD = "c++14";
				CLANG_CXX_LIBRARY = "libc++";
				CLANG_LINK_OBJC_RUNTIME = NO;
				CODE_SIGN_IDENTITY = "";
				COMBINE_HIDPI_IMAGES = YES;
				CONFIGURATION_BUILD_DIR = "$(PROJECT_DIR)/build/$(CONFIGURATION)";
				DEAD_CODE_STRIPPING = YES;
				DEPLOYMENT_LOCATION = YES;
				DSTROOT = /;
				GCC_GENERATE_DEBUGGING_SYMBOLS = NO;
				GCC_OPTIMIZATION_LEVEL = 3;
				GCC_PREPROCESSOR_DEFINITIONS = (
					"_NDEBUG=1",
					"NDEBUG=1",
					"JUCE_DISPLAY_SPLASH_SCREEN=1",
					"JUCE_USE_DARK_SPLASH_SCREEN=1",
					"JUCE_PROJUCER_VERSION=0x60008",
					"JUCE_MODULE_AVAILABLE_juce_audio_basics=1",
					"JUCE_MODULE_AVAILABLE_juce_audio_devices=1",
					"JUCE_MODULE_AVAILABLE_juce_audio_formats=1",
					"JUCE_MODULE_AVAILABLE_juce_audio_plugin_client=1",
					"JUCE_MODULE_AVAILABLE_juce_audio_processors=1",
					"JUCE_MODULE_AVAILABLE_juce_audio_utils=1",
					"JUCE_MODULE_AVAILABLE_juce_core=1",
					"JUCE_MODULE_AVAILABLE_juce_data_structures=1",
					"JUCE_MODULE_AVAILABLE_juce_events=1",
					"JUCE_MODULE_AVAILABLE_juce_graphics=1",
					"JUCE_MODULE_AVAILABLE_juce_gui_basics=1",
					"JUCE_MODULE_AVAILABLE_juce_gui_extra=1",
					"JUCE_GLOBAL_MODULE_SETTINGS_INCLUDED=1",
					"JUCE_VST3_CAN_REPLACE_VST2=0",
					"JUCE_STRICT_REFCOUNTEDPOINTER=1",
					"JucePlugin_Build_VST=0",
					"JucePlugin_Build_VST3=1",
					"JucePlugin_Build_AU=0",
					"JucePlugin_Build_AUv3=0",
					"JucePlugin_Build_RTAS=0",
					"JucePlugin_Build_AAX=0",
					"JucePlugin_Build_Standalone=0",
					"JucePlugin_Build_Unity=0",
					"JucePlugin_Enable_IAA=0",
					"JucePlugin_Name=\\\"Dr.Echo\\\"",
					"JucePlugin_Desc=\\\"A\\ simple\\ echo/delay\\ VST\\ plug-in\\\"",
					"JucePlugin_Manufacturer=\\\"Stefan\\ Fleischer\\\"",
					"JucePlugin_ManufacturerWebsite=\\\"\\\"",
					"JucePlugin_ManufacturerEmail=\\\"\\\"",
					"JucePlugin_ManufacturerCode=0x4d616e75",
					"JucePlugin_PluginCode=0x526e7875",
					"JucePlugin_IsSynth=0",
					"JucePlugin_WantsMidiInput=0",
					"JucePlugin_ProducesMidiOutput=0",
					"JucePlugin_IsMidiEffect=0",
					"JucePlugin_EditorRequiresKeyboardFocus=0",
					"JucePlugin_Version=1.1.0",
					"JucePlugin_VersionCode=0x10100",
					"JucePlugin_VersionString=\\\"1.1.0\\\"",
					"JucePlugin_VSTUniqueID=JucePlugin_PluginCode",
					"JucePlugin_VSTCategory=kPlugCategEffect",
					"JucePlugin_Vst3Category=\\\"Fx|Delay\\\"",
					"JucePlugin_AUMainType='aufx'",
					"JucePlugin_AUSubType=JucePlugin_PluginCode",
					"JucePlugin_AUExportPrefix=DrEchoAU",
					"JucePlugin_AUExportPrefixQuoted=\\\"DrEchoAU\\\"",
					"JucePlugin_AUManufacturerCode=JucePlugin_ManufacturerCode",
					"JucePlugin_CFBundleIdentifier=com.Flinsch.DrEcho",
					"JucePlugin_RTASCategory=0",
					"JucePlugin_RTASManufacturerCode=JucePlugin_ManufacturerCode",
					"JucePlugin_RTASProductId=JucePlugin_PluginCode",
					"JucePlugin_RTASDisableBypass=0",
					"JucePlugin_RTASDisableMultiMono=0",
					"JucePlugin_AAXIdentifier=com.Flinsch.DrEcho",
					"JucePlugin_AAXManufacturerCode=JucePlugin_ManufacturerCode",
					"JucePlugin_AAXProductId=JucePlugin_PluginCode",
					"JucePlugin_AAXCategory=0",
					"JucePlugin_AAXDisableBypass=0",
					"JucePlugin_AAXDisableMultiMono=0",
					"JucePlugin_IAAType=0x61757278",
					"JucePlugin_IAASubType=JucePlugin_PluginCode",
					"JucePlugin_IAAName=\\\"Stefan\\ Fleischer:\\ Dr.Echo\\\"",
					"JucePlugin_VSTNumMidiInputs=16",
					"JucePlugin_VSTNumMidiOutputs=16",
					"JUCE_STANDALONE_APPLICATION=JucePlugin_Build_Standalone",
					"JUCER_XCODE_MAC_F6D2F4CF=1",
					"JUCE_APP_VERSION=1.1.0",
					"JUCE_APP_VERSION_HEX=0x10100",
				);
				GCC_VERSION = com.apple.compilers.llvm.clang.1_0;
				GENERATE_PKGINFO_FILE = YES;
				HEADER_SEARCH_PATHS = (
					"$(SRCROOT)/~/JUCE/modules/juce_audio_processors/format_types/VST3_SDK",
					"$(SRCROOT)/../../JuceLibraryCode",
					"$(SRCROOT)/~/JUCE/modules",
					"$(SRCROOT)/~/JUCE/modules/juce_audio_plugin_client",
					"$(inherited)",
				);
				INFOPLIST_FILE = Info-VST3.plist;
				INFOPLIST_PREPROCESS = NO;
				INSTALL_PATH = "$(HOME)/Library/Audio/Plug-Ins/VST3/";
				LIBRARY_STYLE = Bundle;
				LLVM_LTO = YES;
				MACOSX_DEPLOYMENT_TARGET = 10.11;
				MTL_HEADER_SEARCH_PATHS = "$(SRCROOT)/~/JUCE/modules/juce_audio_processors/format_types/VST3_SDK $(SRCROOT)/../../JuceLibraryCode $(SRCROOT)/~/JUCE/modules $(SRCROOT)/~/JUCE/modules/juce_audio_plugin_client";
				OTHER_LDFLAGS = "-bundle -lDrEcho";
				PRODUCT_BUNDLE_IDENTIFIER = com.Flinsch.DrEcho;
				PRODUCT_NAME = "DrEcho";
				USE_HEADERMAP = NO;
				VALID_ARCHS = "i386 x86_64 arm64 arm64e";
				WRAPPER_EXTENSION = vst3;
			};
			name = Release;
		};
/* End XCBuildConfiguration section */

/* Begin XCConfigurationList section */
		2E9CEEE2762D57A551B6A950 = {
			isa = XCConfigurationList;
			buildConfigurations = (
				5B87A5B86792A1BA1DF56EC9,
				C35619EABEC02DBC0FDE466E,
			);
			defaultConfigurationIsVisible = 0;
			defaultConfigurationName = Debug;
		};
		63949F5B08EB701B49CD7126 = {
			isa = XCConfigurationList;
			buildConfigurations = (
				A13EEB9A33AD522FDF1D9118,
				B9A2920DF5310DDF0B72CBA2,
			);
			defaultConfigurationIsVisible = 0;
			defaultConfigurationName = Debug;
		};
		69ABF884EAA5C3771688AAE3 = {
			isa = XCConfigurationList;
			buildConfigurations = (
				35E90AFB5810887E2EE86965,
				53126ACD3D8FACB080B2F5CC,
			);
			defaultConfigurationIsVisible = 0;
			defaultConfigurationName = Debug;
		};
		C4829B71375264422934E141 = {
			isa = XCConfigurationList;
			buildConfigurations = (
				00BC232C69902BD040F9022C,
				99CFC1804725C7811994C881,
			);
			defaultConfigurationIsVisible = 0;
			defaultConfigurationName = Debug;
		};
		CC1F9E6F78E1CD54D01F0626 = {
			isa = XCConfigurationList;
			buildConfigurations = (
				9526E293204A4D2FA93D24EA,
				B1DE0EA645FDA9A8518CD7CF,
			);
			defaultConfigurationIsVisible = 0;
			defaultConfigurationName = Debug;
		};
/* End XCConfigurationList section */
	};
	rootObject = C711E826ACA59D30F66EB178 /* Project object */;
}
